// !$*UTF8*$!
{
	archiveVersion = 1;
	classes = {
	};
	objectVersion = 77;
	objects = {

/* Begin PBXContainerItemProxy section */
		593246292DFE096400ED0FD1 /* PBXContainerItemProxy */ = {
			isa = PBXContainerItemProxy;
			containerPortal = 593246132DFE096300ED0FD1 /* Project object */;
			proxyType = 1;
			remoteGlobalIDString = 5932461A2DFE096300ED0FD1;
			remoteInfo = SarcasmDetector;
		};
		593246332DFE096400ED0FD1 /* PBXContainerItemProxy */ = {
			isa = PBXContainerItemProxy;
			containerPortal = 593246132DFE096300ED0FD1 /* Project object */;
			proxyType = 1;
			remoteGlobalIDString = 5932461A2DFE096300ED0FD1;
			remoteInfo = SarcasmDetector;
		};
/* End PBXContainerItemProxy section */

/* Begin PBXFileReference section */
		5932461B2DFE096300ED0FD1 /* SarcasmDetector.app */ = {isa = PBXFileReference; explicitFileType = wrapper.application; includeInIndex = 0; path = SarcasmDetector.app; sourceTree = BUILT_PRODUCTS_DIR; };
		593246282DFE096400ED0FD1 /* SarcasmDetectorTests.xctest */ = {isa = PBXFileReference; explicitFileType = wrapper.cfbundle; includeInIndex = 0; path = SarcasmDetectorTests.xctest; sourceTree = BUILT_PRODUCTS_DIR; };
		593246322DFE096400ED0FD1 /* SarcasmDetectorUITests.xctest */ = {isa = PBXFileReference; explicitFileType = wrapper.cfbundle; includeInIndex = 0; path = SarcasmDetectorUITests.xctest; sourceTree = BUILT_PRODUCTS_DIR; };
/* End PBXFileReference section */

/* Begin PBXFileSystemSynchronizedRootGroup section */
		5932461D2DFE096300ED0FD1 /* SarcasmDetector */ = {
			isa = PBXFileSystemSynchronizedRootGroup;
			path = SarcasmDetector;
			sourceTree = "<group>";
		};
		5932462B2DFE096400ED0FD1 /* SarcasmDetectorTests */ = {
			isa = PBXFileSystemSynchronizedRootGroup;
			path = SarcasmDetectorTests;
			sourceTree = "<group>";
		};
		593246352DFE096400ED0FD1 /* SarcasmDetectorUITests */ = {
			isa = PBXFileSystemSynchronizedRootGroup;
			path = SarcasmDetectorUITests;
			sourceTree = "<group>";
		};
/* End PBXFileSystemSynchronizedRootGroup section */

/* Begin PBXFrameworksBuildPhase section */
		593246182DFE096300ED0FD1 /* Frameworks */ = {
			isa = PBXFrameworksBuildPhase;
			buildActionMask = 2147483647;
			files = (
			);
			runOnlyForDeploymentPostprocessing = 0;
		};
		593246252DFE096400ED0FD1 /* Frameworks */ = {
			isa = PBXFrameworksBuildPhase;
			buildActionMask = 2147483647;
			files = (
			);
			runOnlyForDeploymentPostprocessing = 0;
		};
		5932462F2DFE096400ED0FD1 /* Frameworks */ = {
			isa = PBXFrameworksBuildPhase;
			buildActionMask = 2147483647;
			files = (
			);
			runOnlyForDeploymentPostprocessing = 0;
		};
/* End PBXFrameworksBuildPhase section */

/* Begin PBXGroup section */
		593246122DFE096300ED0FD1 = {
			isa = PBXGroup;
			children = (
				5932461D2DFE096300ED0FD1 /* SarcasmDetector */,
				5932462B2DFE096400ED0FD1 /* SarcasmDetectorTests */,
				593246352DFE096400ED0FD1 /* SarcasmDetectorUITests */,
				5932461C2DFE096300ED0FD1 /* Products */,
			);
			sourceTree = "<group>";
		};
		5932461C2DFE096300ED0FD1 /* Products */ = {
			isa = PBXGroup;
			children = (
				5932461B2DFE096300ED0FD1 /* SarcasmDetector.app */,
				593246282DFE096400ED0FD1 /* SarcasmDetectorTests.xctest */,
				593246322DFE096400ED0FD1 /* SarcasmDetectorUITests.xctest */,
			);
			name = Products;
			sourceTree = "<group>";
		};
/* End PBXGroup section */

/* Begin PBXNativeTarget section */
		5932461A2DFE096300ED0FD1 /* SarcasmDetector */ = {
			isa = PBXNativeTarget;
			buildConfigurationList = 5932463C2DFE096400ED0FD1 /* Build configuration list for PBXNativeTarget "SarcasmDetector" */;
			buildPhases = (
				593246172DFE096300ED0FD1 /* Sources */,
				593246182DFE096300ED0FD1 /* Frameworks */,
				593246192DFE096300ED0FD1 /* Resources */,
			);
			buildRules = (
			);
			dependencies = (
			);
			fileSystemSynchronizedGroups = (
				5932461D2DFE096300ED0FD1 /* SarcasmDetector */,
			);
			name = SarcasmDetector;
			packageProductDependencies = (
			);
			productName = SarcasmDetector;
			productReference = 5932461B2DFE096300ED0FD1 /* SarcasmDetector.app */;
			productType = "com.apple.product-type.application";
		};
		593246272DFE096400ED0FD1 /* SarcasmDetectorTests */ = {
			isa = PBXNativeTarget;
			buildConfigurationList = 5932463F2DFE096400ED0FD1 /* Build configuration list for PBXNativeTarget "SarcasmDetectorTests" */;
			buildPhases = (
				593246242DFE096400ED0FD1 /* Sources */,
				593246252DFE096400ED0FD1 /* Frameworks */,
				593246262DFE096400ED0FD1 /* Resources */,
			);
			buildRules = (
			);
			dependencies = (
				5932462A2DFE096400ED0FD1 /* PBXTargetDependency */,
			);
			fileSystemSynchronizedGroups = (
				5932462B2DFE096400ED0FD1 /* SarcasmDetectorTests */,
			);
			name = SarcasmDetectorTests;
			packageProductDependencies = (
			);
			productName = SarcasmDetectorTests;
			productReference = 593246282DFE096400ED0FD1 /* SarcasmDetectorTests.xctest */;
			productType = "com.apple.product-type.bundle.unit-test";
		};
		593246312DFE096400ED0FD1 /* SarcasmDetectorUITests */ = {
			isa = PBXNativeTarget;
			buildConfigurationList = 593246422DFE096400ED0FD1 /* Build configuration list for PBXNativeTarget "SarcasmDetectorUITests" */;
			buildPhases = (
				5932462E2DFE096400ED0FD1 /* Sources */,
				5932462F2DFE096400ED0FD1 /* Frameworks */,
				593246302DFE096400ED0FD1 /* Resources */,
			);
			buildRules = (
			);
			dependencies = (
				593246342DFE096400ED0FD1 /* PBXTargetDependency */,
			);
			fileSystemSynchronizedGroups = (
				593246352DFE096400ED0FD1 /* SarcasmDetectorUITests */,
			);
			name = SarcasmDetectorUITests;
			packageProductDependencies = (
			);
			productName = SarcasmDetectorUITests;
			productReference = 593246322DFE096400ED0FD1 /* SarcasmDetectorUITests.xctest */;
			productType = "com.apple.product-type.bundle.ui-testing";
		};
/* End PBXNativeTarget section */

/* Begin PBXProject section */
		593246132DFE096300ED0FD1 /* Project object */ = {
			isa = PBXProject;
			attributes = {
				BuildIndependentTargetsInParallel = 1;
				LastSwiftUpdateCheck = 1640;
				LastUpgradeCheck = 1640;
				TargetAttributes = {
					5932461A2DFE096300ED0FD1 = {
						CreatedOnToolsVersion = 16.4;
					};
					593246272DFE096400ED0FD1 = {
						CreatedOnToolsVersion = 16.4;
						TestTargetID = 5932461A2DFE096300ED0FD1;
					};
					593246312DFE096400ED0FD1 = {
						CreatedOnToolsVersion = 16.4;
						TestTargetID = 5932461A2DFE096300ED0FD1;
					};
				};
			};
			buildConfigurationList = 593246162DFE096300ED0FD1 /* Build configuration list for PBXProject "SarcasmDetector" */;
			developmentRegion = en;
			hasScannedForEncodings = 0;
			knownRegions = (
				en,
				Base,
			);
			mainGroup = 593246122DFE096300ED0FD1;
			minimizedProjectReferenceProxies = 1;
			preferredProjectObjectVersion = 77;
			productRefGroup = 5932461C2DFE096300ED0FD1 /* Products */;
			projectDirPath = "";
			projectRoot = "";
			targets = (
				5932461A2DFE096300ED0FD1 /* SarcasmDetector */,
				593246272DFE096400ED0FD1 /* SarcasmDetectorTests */,
				593246312DFE096400ED0FD1 /* SarcasmDetectorUITests */,
			);
		};
/* End PBXProject section */

/* Begin PBXResourcesBuildPhase section */
		593246192DFE096300ED0FD1 /* Resources */ = {
			isa = PBXResourcesBuildPhase;
			buildActionMask = 2147483647;
			files = (
			);
			runOnlyForDeploymentPostprocessing = 0;
		};
		593246262DFE096400ED0FD1 /* Resources */ = {
			isa = PBXResourcesBuildPhase;
			buildActionMask = 2147483647;
			files = (
			);
			runOnlyForDeploymentPostprocessing = 0;
		};
		593246302DFE096400ED0FD1 /* Resources */ = {
			isa = PBXResourcesBuildPhase;
			buildActionMask = 2147483647;
			files = (
			);
			runOnlyForDeploymentPostprocessing = 0;
		};
/* End PBXResourcesBuildPhase section */

/* Begin PBXSourcesBuildPhase section */
		593246172DFE096300ED0FD1 /* Sources */ = {
			isa = PBXSourcesBuildPhase;
			buildActionMask = 2147483647;
			files = (
			);
			runOnlyForDeploymentPostprocessing = 0;
		};
		593246242DFE096400ED0FD1 /* Sources */ = {
			isa = PBXSourcesBuildPhase;
			buildActionMask = 2147483647;
			files = (
			);
			runOnlyForDeploymentPostprocessing = 0;
		};
		5932462E2DFE096400ED0FD1 /* Sources */ = {
			isa = PBXSourcesBuildPhase;
			buildActionMask = 2147483647;
			files = (
			);
			runOnlyForDeploymentPostprocessing = 0;
		};
/* End PBXSourcesBuildPhase section */

/* Begin PBXTargetDependency section */
		5932462A2DFE096400ED0FD1 /* PBXTargetDependency */ = {
			isa = PBXTargetDependency;
			target = 5932461A2DFE096300ED0FD1 /* SarcasmDetector */;
			targetProxy = 593246292DFE096400ED0FD1 /* PBXContainerItemProxy */;
		};
		593246342DFE096400ED0FD1 /* PBXTargetDependency */ = {
			isa = PBXTargetDependency;
			target = 5932461A2DFE096300ED0FD1 /* SarcasmDetector */;
			targetProxy = 593246332DFE096400ED0FD1 /* PBXContainerItemProxy */;
		};
/* End PBXTargetDependency section */

/* Begin XCBuildConfiguration section */
		5932463A2DFE096400ED0FD1 /* Debug */ = {
			isa = XCBuildConfiguration;
			buildSettings = {
				ALWAYS_SEARCH_USER_PATHS = NO;
				ASSETCATALOG_COMPILER_GENERATE_SWIFT_ASSET_SYMBOL_EXTENSIONS = YES;
				CLANG_ANALYZER_NONNULL = YES;
				CLANG_ANALYZER_NUMBER_OBJECT_CONVERSION = YES_AGGRESSIVE;
				CLANG_CXX_LANGUAGE_STANDARD = "gnu++20";
				CLANG_ENABLE_MODULES = YES;
				CLANG_ENABLE_OBJC_ARC = YES;
				CLANG_ENABLE_OBJC_WEAK = YES;
				CLANG_WARN_BLOCK_CAPTURE_AUTORELEASING = YES;
				CLANG_WARN_BOOL_CONVERSION = YES;
				CLANG_WARN_COMMA = YES;
				CLANG_WARN_CONSTANT_CONVERSION = YES;
				CLANG_WARN_DEPRECATED_OBJC_IMPLEMENTATIONS = YES;
				CLANG_WARN_DIRECT_OBJC_ISA_USAGE = YES_ERROR;
				CLANG_WARN_DOCUMENTATION_COMMENTS = YES;
				CLANG_WARN_EMPTY_BODY = YES;
				CLANG_WARN_ENUM_CONVERSION = YES;
				CLANG_WARN_INFINITE_RECURSION = YES;
				CLANG_WARN_INT_CONVERSION = YES;
				CLANG_WARN_NON_LITERAL_NULL_CONVERSION = YES;
				CLANG_WARN_OBJC_IMPLICIT_RETAIN_SELF = YES;
				CLANG_WARN_OBJC_LITERAL_CONVERSION = YES;
				CLANG_WARN_OBJC_ROOT_CLASS = YES_ERROR;
				CLANG_WARN_QUOTED_INCLUDE_IN_FRAMEWORK_HEADER = YES;
				CLANG_WARN_RANGE_LOOP_ANALYSIS = YES;
				CLANG_WARN_STRICT_PROTOTYPES = YES;
				CLANG_WARN_SUSPICIOUS_MOVE = YES;
				CLANG_WARN_UNGUARDED_AVAILABILITY = YES_AGGRESSIVE;
				CLANG_WARN_UNREACHABLE_CODE = YES;
				CLANG_WARN__DUPLICATE_METHOD_MATCH = YES;
				COPY_PHASE_STRIP = NO;
				DEBUG_INFORMATION_FORMAT = dwarf;
				ENABLE_STRICT_OBJC_MSGSEND = YES;
				ENABLE_TESTABILITY = YES;
				ENABLE_USER_SCRIPT_SANDBOXING = YES;
				GCC_C_LANGUAGE_STANDARD = gnu17;
				GCC_DYNAMIC_NO_PIC = NO;
				GCC_NO_COMMON_BLOCKS = YES;
				GCC_OPTIMIZATION_LEVEL = 0;
				GCC_PREPROCESSOR_DEFINITIONS = (
					"DEBUG=1",
					"$(inherited)",
				);
				GCC_WARN_64_TO_32_BIT_CONVERSION = YES;
				GCC_WARN_ABOUT_RETURN_TYPE = YES_ERROR;
				GCC_WARN_UNDECLARED_SELECTOR = YES;
				GCC_WARN_UNINITIALIZED_AUTOS = YES_AGGRESSIVE;
				GCC_WARN_UNUSED_FUNCTION = YES;
				GCC_WARN_UNUSED_VARIABLE = YES;
				IPHONEOS_DEPLOYMENT_TARGET = 18.5;
				LOCALIZATION_PREFERS_STRING_CATALOGS = YES;
				MTL_ENABLE_DEBUG_INFO = INCLUDE_SOURCE;
				MTL_FAST_MATH = YES;
				ONLY_ACTIVE_ARCH = YES;
				SDKROOT = iphoneos;
				SWIFT_ACTIVE_COMPILATION_CONDITIONS = "DEBUG $(inherited)";
				SWIFT_OPTIMIZATION_LEVEL = "-Onone";
			};
			name = Debug;
		};
		5932463B2DFE096400ED0FD1 /* Release */ = {
			isa = XCBuildConfiguration;
			buildSettings = {
				ALWAYS_SEARCH_USER_PATHS = NO;
				ASSETCATALOG_COMPILER_GENERATE_SWIFT_ASSET_SYMBOL_EXTENSIONS = YES;
				CLANG_ANALYZER_NONNULL = YES;
				CLANG_ANALYZER_NUMBER_OBJECT_CONVERSION = YES_AGGRESSIVE;
				CLANG_CXX_LANGUAGE_STANDARD = "gnu++20";
				CLANG_ENABLE_MODULES = YES;
				CLANG_ENABLE_OBJC_ARC = YES;
				CLANG_ENABLE_OBJC_WEAK = YES;
				CLANG_WARN_BLOCK_CAPTURE_AUTORELEASING = YES;
				CLANG_WARN_BOOL_CONVERSION = YES;
				CLANG_WARN_COMMA = YES;
				CLANG_WARN_CONSTANT_CONVERSION = YES;
				CLANG_WARN_DEPRECATED_OBJC_IMPLEMENTATIONS = YES;
				CLANG_WARN_DIRECT_OBJC_ISA_USAGE = YES_ERROR;
				CLANG_WARN_DOCUMENTATION_COMMENTS = YES;
				CLANG_WARN_EMPTY_BODY = YES;
				CLANG_WARN_ENUM_CONVERSION = YES;
				CLANG_WARN_INFINITE_RECURSION = YES;
				CLANG_WARN_INT_CONVERSION = YES;
				CLANG_WARN_NON_LITERAL_NULL_CONVERSION = YES;
				CLANG_WARN_OBJC_IMPLICIT_RETAIN_SELF = YES;
				CLANG_WARN_OBJC_LITERAL_CONVERSION = YES;
				CLANG_WARN_OBJC_ROOT_CLASS = YES_ERROR;
				CLANG_WARN_QUOTED_INCLUDE_IN_FRAMEWORK_HEADER = YES;
				CLANG_WARN_RANGE_LOOP_ANALYSIS = YES;
				CLANG_WARN_STRICT_PROTOTYPES = YES;
				CLANG_WARN_SUSPICIOUS_MOVE = YES;
				CLANG_WARN_UNGUARDED_AVAILABILITY = YES_AGGRESSIVE;
				CLANG_WARN_UNREACHABLE_CODE = YES;
				CLANG_WARN__DUPLICATE_METHOD_MATCH = YES;
				COPY_PHASE_STRIP = NO;
				DEBUG_INFORMATION_FORMAT = "dwarf-with-dsym";
				ENABLE_NS_ASSERTIONS = NO;
				ENABLE_STRICT_OBJC_MSGSEND = YES;
				ENABLE_USER_SCRIPT_SANDBOXING = YES;
				GCC_C_LANGUAGE_STANDARD = gnu17;
				GCC_NO_COMMON_BLOCKS = YES;
				GCC_WARN_64_TO_32_BIT_CONVERSION = YES;
				GCC_WARN_ABOUT_RETURN_TYPE = YES_ERROR;
				GCC_WARN_UNDECLARED_SELECTOR = YES;
				GCC_WARN_UNINITIALIZED_AUTOS = YES_AGGRESSIVE;
				GCC_WARN_UNUSED_FUNCTION = YES;
				GCC_WARN_UNUSED_VARIABLE = YES;
				IPHONEOS_DEPLOYMENT_TARGET = 18.5;
				LOCALIZATION_PREFERS_STRING_CATALOGS = YES;
				MTL_ENABLE_DEBUG_INFO = NO;
				MTL_FAST_MATH = YES;
				SDKROOT = iphoneos;
				SWIFT_COMPILATION_MODE = wholemodule;
				VALIDATE_PRODUCT = YES;
			};
			name = Release;
		};
		5932463D2DFE096400ED0FD1 /* Debug */ = {
			isa = XCBuildConfiguration;
			buildSettings = {
				ASSETCATALOG_COMPILER_APPICON_NAME = AppIcon;
				ASSETCATALOG_COMPILER_GLOBAL_ACCENT_COLOR_NAME = AccentColor;
				CODE_SIGN_STYLE = Automatic;
				CURRENT_PROJECT_VERSION = 1;
				ENABLE_PREVIEWS = YES;
				GENERATE_INFOPLIST_FILE = YES;
				INFOPLIST_KEY_UIApplicationSceneManifest_Generation = YES;
				INFOPLIST_KEY_UIApplicationSupportsIndirectInputEvents = YES;
				INFOPLIST_KEY_UILaunchScreen_Generation = YES;
				INFOPLIST_KEY_UISupportedInterfaceOrientations_iPad = "UIInterfaceOrientationPortrait UIInterfaceOrientationPortraitUpsideDown UIInterfaceOrientationLandscapeLeft UIInterfaceOrientationLandscapeRight";
				INFOPLIST_KEY_UISupportedInterfaceOrientations_iPhone = "UIInterfaceOrientationPortrait UIInterfaceOrientationLandscapeLeft UIInterfaceOrientationLandscapeRight";
				LD_RUNPATH_SEARCH_PATHS = (
					"$(inherited)",
					"@executable_path/Frameworks",
				);
				MARKETING_VERSION = 1.0;
				PRODUCT_BUNDLE_IDENTIFIER = com.royan.myiosapps.SarcasmDetector;
				PRODUCT_NAME = "$(TARGET_NAME)";
				SWIFT_EMIT_LOC_STRINGS = YES;
				SWIFT_VERSION = 5.0;
				TARGETED_DEVICE_FAMILY = "1,2";
			};
			name = Debug;
		};
		5932463E2DFE096400ED0FD1 /* Release */ = {
			isa = XCBuildConfiguration;
			buildSettings = {
				ASSETCATALOG_COMPILER_APPICON_NAME = AppIcon;
				ASSETCATALOG_COMPILER_GLOBAL_ACCENT_COLOR_NAME = AccentColor;
				CODE_SIGN_STYLE = Automatic;
				CURRENT_PROJECT_VERSION = 1;
				ENABLE_PREVIEWS = YES;
				GENERATE_INFOPLIST_FILE = YES;
				INFOPLIST_KEY_UIApplicationSceneManifest_Generation = YES;
				INFOPLIST_KEY_UIApplicationSupportsIndirectInputEvents = YES;
				INFOPLIST_KEY_UILaunchScreen_Generation = YES;
				INFOPLIST_KEY_UISupportedInterfaceOrientations_iPad = "UIInterfaceOrientationPortrait UIInterfaceOrientationPortraitUpsideDown UIInterfaceOrientationLandscapeLeft UIInterfaceOrientationLandscapeRight";
				INFOPLIST_KEY_UISupportedInterfaceOrientations_iPhone = "UIInterfaceOrientationPortrait UIInterfaceOrientationLandscapeLeft UIInterfaceOrientationLandscapeRight";
				LD_RUNPATH_SEARCH_PATHS = (
					"$(inherited)",
					"@executable_path/Frameworks",
				);
				MARKETING_VERSION = 1.0;
				PRODUCT_BUNDLE_IDENTIFIER = com.royan.myiosapps.SarcasmDetector;
				PRODUCT_NAME = "$(TARGET_NAME)";
				SWIFT_EMIT_LOC_STRINGS = YES;
				SWIFT_VERSION = 5.0;
				TARGETED_DEVICE_FAMILY = "1,2";
			};
			name = Release;
		};
		593246402DFE096400ED0FD1 /* Debug */ = {
			isa = XCBuildConfiguration;
			buildSettings = {
				BUNDLE_LOADER = "$(TEST_HOST)";
				CODE_SIGN_STYLE = Automatic;
				CURRENT_PROJECT_VERSION = 1;
				GENERATE_INFOPLIST_FILE = YES;
				IPHONEOS_DEPLOYMENT_TARGET = 18.5;
				MARKETING_VERSION = 1.0;
				PRODUCT_BUNDLE_IDENTIFIER = com.royan.myiosapps.SarcasmDetectorTests;
				PRODUCT_NAME = "$(TARGET_NAME)";
				SWIFT_EMIT_LOC_STRINGS = NO;
				SWIFT_VERSION = 5.0;
				TARGETED_DEVICE_FAMILY = "1,2";
				TEST_HOST = "$(BUILT_PRODUCTS_DIR)/SarcasmDetector.app/$(BUNDLE_EXECUTABLE_FOLDER_PATH)/SarcasmDetector";
			};
			name = Debug;
		};
		593246412DFE096400ED0FD1 /* Release */ = {
			isa = XCBuildConfiguration;
			buildSettings = {
				BUNDLE_LOADER = "$(TEST_HOST)";
				CODE_SIGN_STYLE = Automatic;
				CURRENT_PROJECT_VERSION = 1;
				GENERATE_INFOPLIST_FILE = YES;
				IPHONEOS_DEPLOYMENT_TARGET = 18.5;
				MARKETING_VERSION = 1.0;
				PRODUCT_BUNDLE_IDENTIFIER = com.royan.myiosapps.SarcasmDetectorTests;
				PRODUCT_NAME = "$(TARGET_NAME)";
				SWIFT_EMIT_LOC_STRINGS = NO;
				SWIFT_VERSION = 5.0;
				TARGETED_DEVICE_FAMILY = "1,2";
				TEST_HOST = "$(BUILT_PRODUCTS_DIR)/SarcasmDetector.app/$(BUNDLE_EXECUTABLE_FOLDER_PATH)/SarcasmDetector";
			};
			name = Release;
		};
		593246432DFE096400ED0FD1 /* Debug */ = {
			isa = XCBuildConfiguration;
			buildSettings = {
				CODE_SIGN_STYLE = Automatic;
				CURRENT_PROJECT_VERSION = 1;
				GENERATE_INFOPLIST_FILE = YES;
				MARKETING_VERSION = 1.0;
				PRODUCT_BUNDLE_IDENTIFIER = com.royan.myiosapps.SarcasmDetectorUITests;
				PRODUCT_NAME = "$(TARGET_NAME)";
				SWIFT_EMIT_LOC_STRINGS = NO;
				SWIFT_VERSION = 5.0;
				TARGETED_DEVICE_FAMILY = "1,2";
				TEST_TARGET_NAME = SarcasmDetector;
			};
			name = Debug;
		};
		593246442DFE096400ED0FD1 /* Release */ = {
			isa = XCBuildConfiguration;
			buildSettings = {
				CODE_SIGN_STYLE = Automatic;
				CURRENT_PROJECT_VERSION = 1;
				GENERATE_INFOPLIST_FILE = YES;
				MARKETING_VERSION = 1.0;
				PRODUCT_BUNDLE_IDENTIFIER = com.royan.myiosapps.SarcasmDetectorUITests;
				PRODUCT_NAME = "$(TARGET_NAME)";
				SWIFT_EMIT_LOC_STRINGS = NO;
				SWIFT_VERSION = 5.0;
				TARGETED_DEVICE_FAMILY = "1,2";
				TEST_TARGET_NAME = SarcasmDetector;
			};
			name = Release;
		};
/* End XCBuildConfiguration section */

/* Begin XCConfigurationList section */
		593246162DFE096300ED0FD1 /* Build configuration list for PBXProject "SarcasmDetector" */ = {
			isa = XCConfigurationList;
			buildConfigurations = (
				5932463A2DFE096400ED0FD1 /* Debug */,
				5932463B2DFE096400ED0FD1 /* Release */,
			);
			defaultConfigurationIsVisible = 0;
			defaultConfigurationName = Release;
		};
		5932463C2DFE096400ED0FD1 /* Build configuration list for PBXNativeTarget "SarcasmDetector" */ = {
			isa = XCConfigurationList;
			buildConfigurations = (
				5932463D2DFE096400ED0FD1 /* Debug */,
				5932463E2DFE096400ED0FD1 /* Release */,
			);
			defaultConfigurationIsVisible = 0;
			defaultConfigurationName = Release;
		};
		5932463F2DFE096400ED0FD1 /* Build configuration list for PBXNativeTarget "SarcasmDetectorTests" */ = {
			isa = XCConfigurationList;
			buildConfigurations = (
				593246402DFE096400ED0FD1 /* Debug */,
				593246412DFE096400ED0FD1 /* Release */,
			);
			defaultConfigurationIsVisible = 0;
			defaultConfigurationName = Release;
		};
		593246422DFE096400ED0FD1 /* Build configuration list for PBXNativeTarget "SarcasmDetectorUITests" */ = {
			isa = XCConfigurationList;
			buildConfigurations = (
				593246432DFE096400ED0FD1 /* Debug */,
				593246442DFE096400ED0FD1 /* Release */,
			);
			defaultConfigurationIsVisible = 0;
			defaultConfigurationName = Release;
		};
/* End XCConfigurationList section */
	};
	rootObject = 593246132DFE096300ED0FD1 /* Project object */;
}
